version = 1
revision = 5
requires-python = "==3.12.*"

[[package]]
name = "altgraph"
version = "0.17.5"
source = { registry = "https://pypi.org/simple" }
sdist = { url = "https://files.pythonhosted.org/packages/7e/f8/97fdf103f38fed6792a1601dbc16cc8aac56e7459a9fff08c812d8ae177a/altgraph-0.17.5.tar.gz", hash = "sha256:c87b395dd12fabde9c99573a9749d67da8d29ef9de0125c7f536699b4a9bc9e7", size = 48428, upload-time = "2025-11-21T20:35:50.583Z" }
wheels = [
    { url = "https://files.pythonhosted.org/packages/a9/ba/000a1996d4308bc65120167c21241a3b205464a2e0b58deda26ae8ac21d1/altgraph-0.17.5-py2.py3-none-any.whl", hash = "sha256:f3a22400bce1b0c701683820ac4f3b159cd301acab067c51c653e06961600597", size = 21228, upload-time = "2025-11-21T20:35:49.444Z" },
]

[[package]]
name = "bopit"
version = "0.0.0"
source = { virtual = "." }
dependencies = [
    { name = "cyal" },
    { name = "numpy" },
    { name = "prismatoid" },
    { name = "pygame" },
    { name = "soundfile" },
]

[package.optional-dependencies]
build = [
    { name = "pyinstaller" },
]

[package.dev-dependencies]
dev = [
    { name = "pyinstaller" },
]

[package.metadata]
requires-dist = [
    { name = "cyal", specifier = ">=0.4.5" },
    { name = "numpy", specifier = ">=1.26" },
    { name = "prismatoid", specifier = ">=0.18.2" },
    { name = "pygame", specifier = ">=2.6.1" },
    { name = "pyinstaller", marker = "extra == 'build'", specifier = ">=6.11" },
    { name = "soundfile", specifier = ">=0.14.0" },
]
provides-extras = ["build"]

[package.metadata.requires-dev]
dev = [{ name = "pyinstaller", specifier = ">=6.11" }]

[[package]]
name = "cffi"
version = "2.1.1"
source = { registry = "https://pypi.org/simple" }
dependencies = [
    { name = "pycparser", marker = "implementation_name != 'PyPy'" },
]
sdist = { url = "https://files.pythonhosted.org/packages/9e/ef/008a1939e372c06329a3fce4279c02f328488f3526744906eeec3da7ad5f/cffi-2.1.1.tar.gz", hash = "sha256:dd31f52ea1086513bb9df30f8fcee9b8918323ae067a3d5b78bc826a000712be", size = 530807, upload-time = "2026-08-03T21:21:18.939Z" }
wheels = [
    { url = "https://files.pythonhosted.org/packages/10/69/43965eccfdead3b9220015fd1320e117be8c6ed01a62ffab76eeb752f5d5/cffi-2.1.1-cp312-cp312-macosx_10_15_x86_64.whl", hash = "sha256:c8c69575568085ba0b1b10c0249d779a214aea6f6522e949a0fc9fb0fcb449d0", size = 184821, upload-time = "2026-08-03T21:19:44.887Z" },
    { url = "https://files.pythonhosted.org/packages/54/7d/16e5a096677b5e313ca80cd5e5170efa3ea44624a82bb111925522da64b1/cffi-2.1.1-cp312-cp312-macosx_11_0_arm64.whl", hash = "sha256:f81b3b8f3d4e343550fa4baa0e479bba9f2d29ce9c2e9b51d1ce1718d7442fcf", size = 184719, upload-time = "2026-08-03T21:19:46.129Z" },
    { url = "https://files.pythonhosted.org/packages/56/e6/8941622732edec876dd17d0453dce07317ae96db34f2ec1436c9d3785986/cffi-2.1.1-cp312-cp312-manylinux1_i686.manylinux2014_i686.manylinux_2_17_i686.manylinux_2_5_i686.whl", hash = "sha256:811bd1e21d32de12efca32393a0ab3f5133b54fce9bd44b8bd77ab07da14bf6a", size = 214799, upload-time = "2026-08-03T21:19:47.218Z" },
    { url = "https://files.pythonhosted.org/packages/44/de/f98430906df1545ffde0d543dd124a7a439bc2cd32b36b9c53f805df7333/cffi-2.1.1-cp312-cp312-manylinux2014_aarch64.manylinux_2_17_aarch64.whl", hash = "sha256:68e62fe11f30d5ca8289242866f0a5291402d8529ca2178ab8afc5c9694ae890", size = 222389, upload-time = "2026-08-03T21:19:48.331Z" },
    { url = "https://files.pythonhosted.org/packages/6a/5b/717f1526b9957b34456313c31645c5b82b8fb5c3fe9e4752999be7128bfc/cffi-2.1.1-cp312-cp312-manylinux2014_ppc64le.manylinux_2_17_ppc64le.whl", hash = "sha256:4a7c934f7360e8cd64fe9efadcbd10c7c6364f531e432b9a4bf5ccbc9e0e8b50", size = 210249, upload-time = "2026-08-03T21:19:49.543Z" },
    { url = "https://files.pythonhosted.org/packages/64/b3/f8aa4f3e34986c7e4ec45072d1b1b9dd295b6b18007b45518d79726dd725/cffi-2.1.1-cp312-cp312-manylinux2014_s390x.manylinux_2_17_s390x.whl", hash = "sha256:3143d81e29e1e20a9ce10901ec369012947876596f75a222235965f2b7ae832e", size = 208775, upload-time = "2026-08-03T21:19:50.918Z" },
    { url = "https://files.pythonhosted.org/packages/b1/db/dceb9dd5b231e1da801793f8acc9f3c52a7e1afe40bb1aae37e02b0faad5/cffi-2.1.1-cp312-cp312-manylinux2014_x86_64.manylinux_2_17_x86_64.whl", hash = "sha256:c1453022f490d2459a11819d83ad1d586e9ff65a12ac3e705ffebd46d3685dcf", size = 221822, upload-time = "2026-08-03T21:19:52.054Z" },
    { url = "https://files.pythonhosted.org/packages/a0/d2/6cd24ae3be000a634109c247d1475d62e5616d0dc78c82770942ec384248/cffi-2.1.1-cp312-cp312-musllinux_1_2_aarch64.whl", hash = "sha256:208f941bb9d18e768138677f0a6d2ce01f590df56043dda1df1535ac57c88517", size = 225232, upload-time = "2026-08-03T21:19:53.109Z" },
    { url = "https://files.pythonhosted.org/packages/cb/52/3fa190537004dd7f0ab860a6dc7c0175b8667f68d1e618a46f5498d30250/cffi-2.1.1-cp312-cp312-musllinux_1_2_x86_64.whl", hash = "sha256:210019b6c7cf07f081b4c54635c8cf744377001350e29cc0f81c4377b4797735", size = 223597, upload-time = "2026-08-03T21:19:54.515Z" },
    { url = "https://files.pythonhosted.org/packages/80/fb/0bb75b7039588c074b37ae99f40d9bfddf990ecb2fbc346ebccd2e56b9be/cffi-2.1.1-cp312-cp312-win32.whl", hash = "sha256:046bfc24911b37851ee1b51aab8bffe713d89c68c6a057b09484ce9fd5f69b4e", size = 175292, upload-time = "2026-08-03T21:19:55.566Z" },
    { url = "https://files.pythonhosted.org/packages/d9/79/615cc094e2fb508cade7de88d3b4f6c4ec2bab695c97bce9153dc65aadf5/cffi-2.1.1-cp312-cp312-win_amd64.whl", hash = "sha256:f53e442b08449d42821fa4a4fba000095af9f62742a500f978a9f557ec44339a", size = 185919, upload-time = "2026-08-03T21:19:56.89Z" },
    { url = "https://files.pythonhosted.org/packages/70/c6/d0ea84713fe46b243a436a18fcd47d639732747e21635c8a27191b06dc30/cffi-2.1.1-cp312-cp312-win_arm64.whl", hash = "sha256:7bde5e4cc5c10140859842b9d383af292b22639a4dffb725314baf45968cef80", size = 180093, upload-time = "2026-08-03T21:19:58.155Z" },
]

[[package]]
name = "cyal"
version = "0.4.5"
source = { registry = "https://pypi.org/simple" }
sdist = { url = "https://files.pythonhosted.org/packages/9f/34/27df4087901dcee48874eca7eea7c44043aa3fae490addb2bddd864e2f95/cyal-0.4.5.tar.gz", hash = "sha256:9a572a37b1fadc2bc413c2bc6c1934da426bc2d393da0dd9668155e9b44ad3f6", size = 7816508, upload-time = "2025-05-08T20:40:30.488Z" }
wheels = [
    { url = "https://files.pythonhosted.org/packages/4b/20/e83b23761da0d992d39c6d494f4392e9fa22b38e537bf00dce7ea79cc3e2/cyal-0.4.5-cp312-cp312-macosx_10_9_universal2.whl", hash = "sha256:20b5b74afad7150720d6131ec7d09baaa02e23527157250e436ca1c46cd4a4f8", size = 4356488, upload-time = "2025-05-08T17:35:52.136Z" },
    { url = "https://files.pythonhosted.org/packages/7b/af/64803b091fd7690c6c8651cffd46e2a46dcba7920c3effb0dbdf6ee78ef6/cyal-0.4.5-cp312-cp312-manylinux_2_27_aarch64.manylinux_2_28_aarch64.whl", hash = "sha256:574fae266124f94e67c32f836989f915c875b442a8a5cec3bc021bafe022c7d2", size = 2477489, upload-time = "2025-05-08T20:40:19.728Z" },
    { url = "https://files.pythonhosted.org/packages/2e/d9/418fd5d2cd1b6a4773e77b90fd741f5112ab17592ff3881739d4d9ec325b/cyal-0.4.5-cp312-cp312-manylinux_2_27_ppc64le.manylinux_2_28_ppc64le.whl", hash = "sha256:3a7a4a2e50b59508f4a07ca4cd871dab844c9a528dbed892b46b845619c57a33", size = 2854007, upload-time = "2025-05-08T20:40:21.48Z" },
    { url = "https://files.pythonhosted.org/packages/67/7e/0650466606308aefd145d2c4654f0e153173a0991923e9a5526bc91349b6/cyal-0.4.5-cp312-cp312-manylinux_2_27_x86_64.manylinux_2_28_x86_64.whl", hash = "sha256:d273916fa8df084f5723dd2221203f624b8dc728ea3698d5f8bc6e9e89847fa7", size = 2632470, upload-time = "2025-05-08T20:40:23.45Z" },
    { url = "https://files.pythonhosted.org/packages/86/8a/864053e003a82d10e9035f98f8164f9edd550af47dbb0dab380e9e6e9941/cyal-0.4.5-cp312-cp312-musllinux_1_2_aarch64.whl", hash = "sha256:349fb762795e725a26bf79550846633f490f3efee4bdad581464f05d0eac4187", size = 3442501, upload-time = "2025-05-08T20:40:24.693Z" },
    { url = "https://files.pythonhosted.org/packages/33/c6/daa68eb9272a53fb00bc87f0b5b1427e1eca16f162e3141740a1569f73db/cyal-0.4.5-cp312-cp312-musllinux_1_2_ppc64le.whl", hash = "sha256:9e3197e6f1f0c5ee0af9a288a98aedfe1b55548d15183d1b37b23fc727561322", size = 3829955, upload-time = "2025-05-08T20:40:25.913Z" },
    { url = "https://files.pythonhosted.org/packages/93/db/95906ebb495dacf4a1753e46721b5d38cca23a530b286945fbcf63cdb187/cyal-0.4.5-cp312-cp312-musllinux_1_2_x86_64.whl", hash = "sha256:e2d8f145acb3be819134a318b9a8b71f62b8621e3317e7e8532ae6649d2858ec", size = 3630982, upload-time = "2025-05-08T20:40:29.218Z" },
    { url = "https://files.pythonhosted.org/packages/18/9d/58a77694b705899ead07089e2cf011f7219c4677b043135ac60bff0f7152/cyal-0.4.5-cp312-cp312-win32.whl", hash = "sha256:53a1e978adba87e5643f712d1cb734f68415552f5a45fe2e1870abe82e860d96", size = 1166710, upload-time = "2025-05-08T17:58:05.753Z" },
    { url = "https://files.pythonhosted.org/packages/fa/60/097ede982925ec9254a74e298c316364a93f79a07510fb7eb0313f53d99d/cyal-0.4.5-cp312-cp312-win_amd64.whl", hash = "sha256:fa4706d40e6429021eaedb32b507bec556b2fbf585f64d82f8e8fd3078d6c8d2", size = 1345233, upload-time = "2025-05-08T17:58:07.198Z" },
    { url = "https://files.pythonhosted.org/packages/62/51/730efd6e01b90a924f023c04779c0dcf20d2b012634bc4754fd66f55a88b/cyal-0.4.5-cp312-cp312-win_arm64.whl", hash = "sha256:e771827122da4123b0aa49e36dcc90a11946c1662b8f074a0818c61adf0236a5", size = 1191805, upload-time = "2025-05-08T17:58:08.254Z" },
]

[[package]]
name = "macholib"
version = "1.16.4"
source = { registry = "https://pypi.org/simple" }
dependencies = [
    { name = "altgraph" },
]
sdist = { url = "https://files.pythonhosted.org/packages/10/2f/97589876ea967487978071c9042518d28b958d87b17dceb7cdc1d881f963/macholib-1.16.4.tar.gz", hash = "sha256:f408c93ab2e995cd2c46e34fe328b130404be143469e41bc366c807448979362", size = 59427, upload-time = "2025-11-22T08:28:38.373Z" }
wheels = [
    { url = "https://files.pythonhosted.org/packages/c7/d1/a9f36f8ecdf0fb7c9b1e78c8d7af12b8c8754e74851ac7b94a8305540fc7/macholib-1.16.4-py2.py3-none-any.whl", hash = "sha256:da1a3fa8266e30f0ce7e97c6a54eefaae8edd1e5f86f3eb8b95457cae90265ea", size = 38117, upload-time = "2025-11-22T08:28:36.939Z" },
]

[[package]]
name = "numpy"
version = "2.5.3"
source = { registry = "https://pypi.org/simple" }
sdist = { url = "https://files.pythonhosted.org/packages/13/01/11703282db468b85f6f7b8c7f22d058de5970d5c7e60a3a8aaa313c3de36/numpy-2.5.3.tar.gz", hash = "sha256:df2d5874ff183595a4ba404edd04f6bd9b5505c1d7708573f6a6c17489a67563", size = 20791231, upload-time = "2026-09-06T16:27:47.073Z" }
wheels = [
    { url = "https://files.pythonhosted.org/packages/d6/50/8fdbb16af64895706a45f06a4068e29db732ec180f3c1375f14123359138/numpy-2.5.3-cp312-cp312-macosx_10_13_x86_64.whl", hash = "sha256:cb189f09db39283b26bfd061ec16189e14f71c6755207f72a0f7540867afe5b9", size = 16994982, upload-time = "2026-09-06T16:24:29.244Z" },
    { url = "https://files.pythonhosted.org/packages/60/39/789131c1188c078dcb3a1692e72e1e050c68b88ffe72c9ccaac9bcd7a9cd/numpy-2.5.3-cp312-cp312-macosx_11_0_arm64.whl", hash = "sha256:f59a878c33d6b88122d80d239bb3b845d58708750b0cb06a09aebb9b18ec696c", size = 12009327, upload-time = "2026-09-06T16:24:32.491Z" },
    { url = "https://files.pythonhosted.org/packages/9c/59/a312e95696e5f601914dd8b6dd844692ba61670807417e24b68e337b5c70/numpy-2.5.3-cp312-cp312-macosx_14_0_arm64.whl", hash = "sha256:a72f874bc9e10e4b8f80426fb49716d5141f64442a0c8418065093ec8017fbb0", size = 5445405, upload-time = "2026-09-06T16:24:35.071Z" },
    { url = "https://files.pythonhosted.org/packages/30/d0/5623a1707ed4fe16e3909fe3cf5ee3da004ae677ad23d83bbf3adf1a6faf/numpy-2.5.3-cp312-cp312-macosx_14_0_x86_64.whl", hash = "sha256:fc36dc566135b5eceec4cf89758fcb719266a019ef07dae1754ae7c9f617ef3e", size = 6783213, upload-time = "2026-09-06T16:24:37.253Z" },
    { url = "https://files.pythonhosted.org/packages/f1/32/84146fc020ad3c25f805f70ab60da46fe3c540a21369754a7e4369754b6f/numpy-2.5.3-cp312-cp312-manylinux_2_27_aarch64.manylinux_2_28_aarch64.whl", hash = "sha256:76c2c1e6bfa5c84adc6434dfbf013aa92096a7985221762c8f11fedfd20fff58", size = 15687872, upload-time = "2026-09-06T16:24:39.751Z" },
    { url = "https://files.pythonhosted.org/packages/65/af/aa78d1a88805456e212b65461354cd943197fb9acecc4c90fd12295123a3/numpy-2.5.3-cp312-cp312-manylinux_2_27_x86_64.manylinux_2_28_x86_64.whl", hash = "sha256:b7e18c623bb5c95acb3b3328861272816ba199fb531921c5d6d0b675f1fde9e3", size = 16717410, upload-time = "2026-09-06T16:24:42.745Z" },
    { url = "https://files.pythonhosted.org/packages/3b/24/faa79d865e69a97ba17473b23a1b74094b2259c03e820c70297293b9ea49/numpy-2.5.3-cp312-cp312-musllinux_1_2_aarch64.whl", hash = "sha256:4f8929ee6c96bfbd7b4ed2032e0c03af86fe1826740ab61ddabf9072d06e57ff", size = 17040975, upload-time = "2026-09-06T16:24:45.961Z" },
    { url = "https://files.pythonhosted.org/packages/62/4a/8877e629445a7176297dffcaf9c485faa96a95d81728a62521ad55bd4c0f/numpy-2.5.3-cp312-cp312-musllinux_1_2_x86_64.whl", hash = "sha256:b5d93cf48f687479941d12b69c873ad2cc76bbd487f0091c2200636497f34034", size = 18476479, upload-time = "2026-09-06T16:24:49.35Z" },
    { url = "https://files.pythonhosted.org/packages/c8/db/35e1c2d38b04cbd5b731f9d71495e055e813197669d22b612f11748d2ff9/numpy-2.5.3-cp312-cp312-win32.whl", hash = "sha256:bf63afbe037eb5d2fe87fbcc7778e61da53ebaf21d938a4515aa73b62532a5d4", size = 6133378, upload-time = "2026-09-06T16:24:51.915Z" },
    { url = "https://files.pythonhosted.org/packages/3c/a1/accf6d4f0c80c5d9ba9735d6b1550e444180599f34dec69ca01360f717ad/numpy-2.5.3-cp312-cp312-win_amd64.whl", hash = "sha256:0a59a421a32580a009e8a1751345bf829631b990dc1794b80514ab722b435def", size = 12567828, upload-time = "2026-09-06T16:24:54.255Z" },
    { url = "https://files.pythonhosted.org/packages/22/43/1764aff32e4652526ae2f71fa8b3efd8d25c8a3d6926914454e47138ed1e/numpy-2.5.3-cp312-cp312-win_arm64.whl", hash = "sha256:ccb32e0525d29e8b0572eb84c9a57af0e7a4e615726927506f55063c62414034", size = 10485432, upload-time = "2026-09-06T16:24:57.278Z" },
]

[[package]]
name = "packaging"
version = "26.3"
source = { registry = "https://pypi.org/simple" }
sdist = { url = "https://files.pythonhosted.org/packages/7d/fa/3944b40b07da9ce895c0e6303a5ab7d53da063554f534556b134a54d6093/packaging-26.3.tar.gz", hash = "sha256:94edc256424af38762eb31306eed28beb9f0efc50a8837492c9d6fd6004aed79", size = 313412, upload-time = "2026-08-04T18:15:28.737Z" }
wheels = [
    { url = "https://files.pythonhosted.org/packages/63/34/ba1c580383c9eada3711951fef0795c80b829a078d72188184bcab9dd527/packaging-26.3-py3-none-any.whl", hash = "sha256:d7193f7c8e4e93f444fde0262bf90af30e16fa0ad0ad44cb553c87339b23cd1c", size = 129956, upload-time = "2026-08-04T18:15:27.159Z" },
]

[[package]]
name = "pefile"
version = "2024.8.26"
source = { registry = "https://pypi.org/simple" }
sdist = { url = "https://files.pythonhosted.org/packages/03/4f/2750f7f6f025a1507cd3b7218691671eecfd0bbebebe8b39aa0fe1d360b8/pefile-2024.8.26.tar.gz", hash = "sha256:3ff6c5d8b43e8c37bb6e6dd5085658d658a7a0bdcd20b6a07b1fcfc1c4e9d632", size = 76008, upload-time = "2024-08-26T20:58:38.155Z" }
wheels = [
    { url = "https://files.pythonhosted.org/packages/54/16/12b82f791c7f50ddec566873d5bdd245baa1491bac11d15ffb98aecc8f8b/pefile-2024.8.26-py3-none-any.whl", hash = "sha256:76f8b485dcd3b1bb8166f1128d395fa3d87af26360c2358fb75b80019b957c6f", size = 74766, upload-time = "2024-08-26T21:01:02.632Z" },
]

[[package]]
name = "prismatoid"
version = "0.18.3"
source = { registry = "https://pypi.org/simple" }
dependencies = [
    { name = "cffi" },
]
sdist = { url = "https://files.pythonhosted.org/packages/b8/16/c8b05c9a28a7c22da0a39db5d405acb58d218f56e6de2ab69bbacbb72944/prismatoid-0.18.3.tar.gz", hash = "sha256:ad41eea055dcc378ab392833060060977850d417d085adca20e17b592bc60734", size = 2304171, upload-time = "2026-09-30T22:12:48.239Z" }
wheels = [
    { url = "https://files.pythonhosted.org/packages/17/a6/44970cea09c78f97b915dfcf8ce906addaf7daf30a038fd2b54a33331621/prismatoid-0.18.3-cp310-abi3-macosx_11_0_arm64.whl", hash = "sha256:b08c955efb7d46a1947a7bd4bb8f544cbf3273ff94e20d1742b4f1892c915954", size = 257680, upload-time = "2026-09-30T22:12:11.374Z" },
    { url = "https://files.pythonhosted.org/packages/46/64/5aae77da5030a0bacbc1ef62dea98e710051a0e2ec55cb0604da28ba60dd/prismatoid-0.18.3-cp310-abi3-macosx_11_0_x86_64.whl", hash = "sha256:8118fa127f0ccef3ddd36ad38c7fda1692338cd97c1feaabd6629dfedb788009", size = 371767, upload-time = "2026-09-30T22:12:13.286Z" },
    { url = "https://files.pythonhosted.org/packages/42/f7/55765e1a5994b050ad2c15a5df9f54491a4e0678cc074b44897cfd8211e7/prismatoid-0.18.3-cp310-abi3-manylinux_2_34_aarch64.whl", hash = "sha256:5426f69f4fd6de81ca90ed2478cdb0577625e0ea1b80547123b2c3291487447c", size = 3661448, upload-time = "2026-09-30T22:12:15.162Z" },
    { url = "https://files.pythonhosted.org/packages/79/5d/7f1f789df6f7563af79f95cb538ef55ad46827aa6b62adb165a52d49a5d9/prismatoid-0.18.3-cp310-abi3-manylinux_2_34_x86_64.whl", hash = "sha256:32474ad0397ac64660c8924142b66edf64ce71455970be1f08e9cee4176af9a8", size = 3971729, upload-time = "2026-09-30T22:12:16.961Z" },
    { url = "https://files.pythonhosted.org/packages/d8/7e/e59c0b009392573ed706ce4e39a874e7a2fa2bbc4635f9f4e8bbc26c46d0/prismatoid-0.18.3-cp310-abi3-musllinux_1_2_aarch64.whl", hash = "sha256:b72f819278e494a031cb767732137d20d82b409c6380d3351ab1d7ad00c01cac", size = 4727704, upload-time = "2026-09-30T22:12:19.083Z" },
    { url = "https://files.pythonhosted.org/packages/d3/e9/166a51c1650fee25104150029f760dd949c1b74aed18a19a4d922e0a71aa/prismatoid-0.18.3-cp310-abi3-musllinux_1_2_x86_64.whl", hash = "sha256:9aa077b04c2ead97f95219de2733729d22c2a1de15a22edf010f6b291c3022e8", size = 5083671, upload-time = "2026-09-30T22:12:21.423Z" },
    { url = "https://files.pythonhosted.org/packages/06/dd/1c444449301f54d5feee854a7261d105fb05823ce4747a7551110c94c913/prismatoid-0.18.3-cp310-abi3-win_amd64.whl", hash = "sha256:8c491c4b29878ed33e43c703033b94f2c4840386d34da24076b3cf083a6578eb", size = 613870, upload-time = "2026-09-30T22:12:23.259Z" },
    { url = "https://files.pythonhosted.org/packages/92/25/5c24cb97d0004528dc1f9ff43e8c4c9edaa558c6ea3782d7b281d49bceab/prismatoid-0.18.3-cp310-abi3-win_arm64.whl", hash = "sha256:ba3379a3ae1b10941b198b5fd1d106e041cd8c03974a8ce20de22639c7e2dc76", size = 484348, upload-time = "2026-09-30T22:12:24.87Z" },
]

[[package]]
name = "pycparser"
version = "3.0"
source = { registry = "https://pypi.org/simple" }
sdist = { url = "https://files.pythonhosted.org/packages/1b/7d/92392ff7815c21062bea51aa7b87d45576f649f16458d78b7cf94b9ab2e6/pycparser-3.0.tar.gz", hash = "sha256:600f49d217304a5902ac3c37e1281c9fe94e4d0489de643a9504c5cdfdfc6b29", size = 103492, upload-time = "2026-01-21T14:26:51.89Z" }
wheels = [
    { url = "https://files.pythonhosted.org/packages/0c/c3/44f3fbbfa403ea2a7c779186dc20772604442dde72947e7d01069cbe98e3/pycparser-3.0-py3-none-any.whl", hash = "sha256:b727414169a36b7d524c1c3e31839a521725078d7b2ff038656844266160a992", size = 48172, upload-time = "2026-01-21T14:26:50.693Z" },
]

[[package]]
name = "pygame"
version = "2.6.1"
source = { registry = "https://pypi.org/simple" }
sdist = { url = "https://files.pythonhosted.org/packages/49/cc/08bba60f00541f62aaa252ce0cfbd60aebd04616c0b9574f755b583e45ae/pygame-2.6.1.tar.gz", hash = "sha256:56fb02ead529cee00d415c3e007f75e0780c655909aaa8e8bf616ee09c9feb1f", size = 14808125, upload-time = "2024-09-29T13:41:34.698Z" }
wheels = [
    { url = "https://files.pythonhosted.org/packages/92/16/2c602c332f45ff9526d61f6bd764db5096ff9035433e2172e2d2cadae8db/pygame-2.6.1-cp312-cp312-macosx_10_9_x86_64.whl", hash = "sha256:4ee7f2771f588c966fa2fa8b829be26698c9b4836f82ede5e4edc1a68594942e", size = 13118279, upload-time = "2024-09-29T14:26:30.427Z" },
    { url = "https://files.pythonhosted.org/packages/cd/53/77ccbc384b251c6e34bfd2e734c638233922449a7844e3c7a11ef91cee39/pygame-2.6.1-cp312-cp312-macosx_11_0_arm64.whl", hash = "sha256:c8040ea2ab18c6b255af706ec01355c8a6b08dc48d77fd4ee783f8fc46a843bf", size = 12384524, upload-time = "2024-09-29T14:26:49.996Z" },
    { url = "https://files.pythonhosted.org/packages/06/be/3ed337583f010696c3b3435e89a74fb29d0c74d0931e8f33c0a4246307a9/pygame-2.6.1-cp312-cp312-manylinux_2_17_aarch64.manylinux2014_aarch64.whl", hash = "sha256:c47a6938de93fa610accd4969e638c2aebcb29b2fca518a84c3a39d91ab47116", size = 13587123, upload-time = "2024-09-29T11:10:50.072Z" },
    { url = "https://files.pythonhosted.org/packages/fd/ca/b015586a450db59313535662991b34d24c1f0c0dc149cc5f496573900f4e/pygame-2.6.1-cp312-cp312-manylinux_2_17_i686.manylinux2014_i686.whl", hash = "sha256:33006f784e1c7d7e466fcb61d5489da59cc5f7eb098712f792a225df1d4e229d", size = 14275532, upload-time = "2024-09-29T11:39:59.356Z" },
    { url = "https://files.pythonhosted.org/packages/b9/f2/d31e6ad42d657af07be2ffd779190353f759a07b51232b9e1d724f2cda46/pygame-2.6.1-cp312-cp312-manylinux_2_17_x86_64.manylinux2014_x86_64.whl", hash = "sha256:1206125f14cae22c44565c9d333607f1d9f59487b1f1432945dfc809aeaa3e88", size = 13952653, upload-time = "2024-09-29T11:40:01.781Z" },
    { url = "https://files.pythonhosted.org/packages/f3/42/8ea2a6979e6fa971702fece1747e862e2256d4a8558fe0da6364dd946c53/pygame-2.6.1-cp312-cp312-win32.whl", hash = "sha256:84fc4054e25262140d09d39e094f6880d730199710829902f0d8ceae0213379e", size = 10252421, upload-time = "2024-09-29T11:14:26.877Z" },
    { url = "https://files.pythonhosted.org/packages/5f/90/7d766d54bb95939725e9a9361f9c06b0cfbe3fe100aa35400f0a461a278a/pygame-2.6.1-cp312-cp312-win_amd64.whl", hash = "sha256:3a9e7396be0d9633831c3f8d5d82dd63ba373ad65599628294b7a4f8a5a01a65", size = 10624591, upload-time = "2024-09-29T11:52:54.489Z" },
]

[[package]]
name = "pyinstaller"
version = "6.22.3"
source = { registry = "https://pypi.org/simple" }
dependencies = [
    { name = "altgraph" },
    { name = "macholib", marker = "sys_platform == 'darwin'" },
    { name = "packaging" },
    { name = "pefile", marker = "sys_platform == 'win32'" },
    { name = "pyinstaller-hooks-contrib" },
    { name = "pywin32-ctypes", marker = "sys_platform == 'win32'" },
    { name = "setuptools" },
]
sdist = { url = "https://files.pythonhosted.org/packages/63/41/f90302845945abd4ed647933ff5ee7c6ac93983187be67f897b6cb613331/pyinstaller-6.22.3.tar.gz", hash = "sha256:05eb2f5615503e72939a7224d68b4aff572c6b0438ee4a17d0a4b481f399362d", size = 4437180, upload-time = "2026-09-12T21:54:09.669Z" }
wheels = [
    { url = "https://files.pythonhosted.org/packages/ec/af/898f70947e27f8e65d55183c780e77112e023c0b4a6fba6255d4d563a27d/pyinstaller-6.22.3-py3-none-macosx_10_13_universal2.whl", hash = "sha256:052f4a1cd4f81092ccb7a18fe8ebc9ecf832a5917317e39fb3775af4e959b253", size = 1071847, upload-time = "2026-09-12T21:53:01.711Z" },
    { url = "https://files.pythonhosted.org/packages/c4/96/99f5184985141c2b024bfa61335e9142ae444555224f303186e59b7bb438/pyinstaller-6.22.3-py3-none-manylinux2014_aarch64.whl", hash = "sha256:312da84b4b31ab9750066a823734c11b7c68757fdd67c9f038bf19c330a954e4", size = 758172, upload-time = "2026-09-12T21:53:06.171Z" },
    { url = "https://files.pythonhosted.org/packages/69/9f/9ccb12cc1e6617042cb028fe79f0a756f5f03305bd14b584a4e043fe3844/pyinstaller-6.22.3-py3-none-manylinux2014_i686.whl", hash = "sha256:020d4fe0627f5c73dfbcfad1a6578ef354d5fe4bdccd9d8e5a615528f5a45d2b", size = 772135, upload-time = "2026-09-12T21:53:10.291Z" },
    { url = "https://files.pythonhosted.org/packages/c1/43/4b1d5193a88628c052db89f064433681076959a9f41d0d9f660001b49079/pyinstaller-6.22.3-py3-none-manylinux2014_ppc64le.whl", hash = "sha256:9e4f7bd64b2103f14b4a6240fb9155e9fe7bc61391b4043bbddb7d3ebc8ab0fa", size = 770461, upload-time = "2026-09-12T21:53:14.592Z" },
    { url = "https://files.pythonhosted.org/packages/cb/83/f173f8757c618d83e116fa2b8e57c5cd796e5ad09792e664eabd6ac5edae/pyinstaller-6.22.3-py3-none-manylinux2014_s390x.whl", hash = "sha256:f82d0fb89f21c3ed6f482ee16f341bc59e8a31dbabb9bae9ef04e53ade4dc0d9", size = 764997, upload-time = "2026-09-12T21:53:19.079Z" },
    { url = "https://files.pythonhosted.org/packages/7b/b6/dd21d61fc5e25377be24eabf13e99e4e46548a5abe2bf7b15d8b3d9cc74a/pyinstaller-6.22.3-py3-none-manylinux2014_x86_64.whl", hash = "sha256:451a4ae14b719365bf1a2f0a99dae7b3463060061c3a394c70d5264cfb439528", size = 764974, upload-time = "2026-09-12T21:53:23.176Z" },
    { url = "https://files.pythonhosted.org/packages/6c/fd/d9590942972b1fc205519f7ccffb0d5cd8eb1d6fa61edad319c71d25baed/pyinstaller-6.22.3-py3-none-musllinux_1_1_aarch64.whl", hash = "sha256:ea240b5dfa831ff673c97505eee0ec24670bccf71396c83109440348944c83d0", size = 764450, upload-time = "2026-09-12T21:53:27.419Z" },
    { url = "https://files.pythonhosted.org/packages/72/d6/f22c55d1768433b65c460b19a3136dd9769b6c74b786149b829344654c7d/pyinstaller-6.22.3-py3-none-musllinux_1_1_x86_64.whl", hash = "sha256:a2b6fc26601e8c2596c3d54981566934a3382e85d05d0fe91b55b6a8dcc6b282", size = 763863, upload-time = "2026-09-12T21:53:31.609Z" },
    { url = "https://files.pythonhosted.org/packages/c5/87/cf28cfd42ceca889171e6dd5e7f1553d4372db83d047049ffb7cf95fcbd4/pyinstaller-6.22.3-py3-none-win32.whl", hash = "sha256:46a3e30a118341a1ec20667a5a95aa7e0aa8c4fa129893c0151b3eb3f801a722", size = 1390905, upload-time = "2026-09-12T21:53:38.133Z" },
    { url = "https://files.pythonhosted.org/packages/24/83/c5422204772a27aef643280fdc887b7ef55679989096b21dceb1b9625fc4/pyinstaller-6.22.3-py3-none-win_amd64.whl", hash = "sha256:500bd58c7bf7e584a8435adccbd763a0b918d5c12b08d74ff50fd79b2915458b", size = 1454907, upload-time = "2026-09-12T21:53:44.812Z" },
    { url = "https://files.pythonhosted.org/packages/67/2e/ebc93968bf63f81b122e205da116b16036b653b7ce2cc8ad86e3ddd19586/pyinstaller-6.22.3-py3-none-win_arm64.whl", hash = "sha256:31df3cc4261e804a53d358b7897c293ec8b88b167a7cca06c78018085c855f97", size = 1402956, upload-time = "2026-09-12T21:53:51.369Z" },
]

[[package]]
name = "pyinstaller-hooks-contrib"
version = "2026.8"
source = { registry = "https://pypi.org/simple" }
dependencies = [
    { name = "packaging" },
]
sdist = { url = "https://files.pythonhosted.org/packages/c9/3b/fab1a12a21bf9223af012e5dd002b7d4265683d21d9fabbd0ccb347316e4/pyinstaller_hooks_contrib-2026.8.tar.gz", hash = "sha256:4d825786ad7a9b7dbcc52d612748a34562fe273461bcfd88f4d549c594bbf8f9", size = 176955, upload-time = "2026-09-30T07:53:52.56Z" }
wheels = [
    { url = "https://files.pythonhosted.org/packages/8f/f1/3eee0263b487e571aed9204257b45bc2a0b6fec34d0a1adade4d8d8a968c/pyinstaller_hooks_contrib-2026.8-py3-none-any.whl", hash = "sha256:6d21d65323ea4467753afc21f52d7d0e69416ae8101dd88269bf273ad48db084", size = 462145, upload-time = "2026-09-30T07:53:51.167Z" },
]

[[package]]
name = "pywin32-ctypes"
version = "0.2.3"
source = { registry = "https://pypi.org/simple" }
sdist = { url = "https://files.pythonhosted.org/packages/85/9f/01a1a99704853cb63f253eea009390c88e7131c67e66a0a02099a8c917cb/pywin32-ctypes-0.2.3.tar.gz", hash = "sha256:d162dc04946d704503b2edc4d55f3dba5c1d539ead017afa00142c38b9885755", size = 29471, upload-time = "2024-08-14T10:15:34.626Z" }
wheels = [
    { url = "https://files.pythonhosted.org/packages/de/3d/8161f7711c017e01ac9f008dfddd9410dff3674334c233bde66e7ba65bbf/pywin32_ctypes-0.2.3-py3-none-any.whl", hash = "sha256:8a1513379d709975552d202d942d9837758905c8d01eb82b8bcc30918929e7b8", size = 30756, upload-time = "2024-08-14T10:15:33.187Z" },
]

[[package]]
name = "setuptools"
version = "84.0.0"
source = { registry = "https://pypi.org/simple" }
sdist = { url = "https://files.pythonhosted.org/packages/6d/44/f5da03a8ef95d369145c5bb53050e7877c9f3d312e128605fd9504829143/setuptools-84.0.0.tar.gz", hash = "sha256:f4695c21257f0d9b537ec2692c941d02ee143b7cc1276941349a546573b2ef73", size = 1168449, upload-time = "2026-08-08T18:27:58.365Z" }
wheels = [
    { url = "https://files.pythonhosted.org/packages/95/9c/c510029fc6ef33a6275cd2c5d3cecd6613dfd6aa401d57c54f1c18852ccf/setuptools-84.0.0-py3-none-any.whl", hash = "sha256:51a52592b3b99e102b609654876bd65f19f999935166d1352678931132b0c670", size = 818216, upload-time = "2026-08-08T18:27:56.719Z" },
]

[[package]]
name = "soundfile"
version = "0.14.0"
source = { registry = "https://pypi.org/simple" }
dependencies = [
    { name = "cffi" },
    { name = "numpy" },
    { name = "typing-extensions" },
]
sdist = { url = "https://files.pythonhosted.org/packages/d2/db/949331952a6fb1c5b12e9de80fd08747966c2039d1a61db4764fbd3981c2/soundfile-0.14.0.tar.gz", hash = "sha256:ba1c1a2d618bca5c406647c83b89f07cc8810fa506a50622a6993ba130c1de11", size = 47842, upload-time = "2026-06-06T08:58:47.869Z" }
wheels = [
    { url = "https://files.pythonhosted.org/packages/b1/d1/5e338af9ca6ed0786cd5bb03f6d60de1c325728c1189014f3b59aae7403c/soundfile-0.14.0-py2.py3-none-any.whl", hash = "sha256:8ba81ae3a89fd5ab3bef8a8eb481fbbe794e806309675a89b4df48b8d31908a8", size = 26799, upload-time = "2026-06-06T08:58:33.269Z" },
    { url = "https://files.pythonhosted.org/packages/7e/72/c6b21e58d3113596e7e8de0a08d6f1d95173492cfbca0a4db14148cbba2a/soundfile-0.14.0-py2.py3-none-macosx_10_9_x86_64.whl", hash = "sha256:19be05428da76ed61a4cad29b8e4bcf43a3e5c100089d2ec81dc961eed1b0dd4", size = 1144568, upload-time = "2026-06-06T08:58:35.231Z" },
    { url = "https://files.pythonhosted.org/packages/63/7a/dfdd6f8c748988427119f75eb860a3cedd858d1aea1fe28f39ad8559ef22/soundfile-0.14.0-py2.py3-none-macosx_11_0_arm64.whl", hash = "sha256:d828d35a059626da52f1415b5faee610aeab393319cb3fc4a9aef47b619fc14c", size = 1103726, upload-time = "2026-06-06T08:58:37.948Z" },
    { url = "https://files.pythonhosted.org/packages/4a/f8/fc39fad6f879633461d27394cd1ddaf1f769ffa0597dca35872f51b16461/soundfile-0.14.0-py2.py3-none-manylinux_2_28_aarch64.whl", hash = "sha256:e85724a90bc99a6e8062c0b4ddf725f53b2a3b70afd4da875e9d2cfc4e92f377", size = 1238050, upload-time = "2026-06-06T08:58:39.932Z" },
    { url = "https://files.pythonhosted.org/packages/7b/a2/70fd4432b924684c372df8b0a45708c36c057ef3596c9eb53e0a806b980b/soundfile-0.14.0-py2.py3-none-manylinux_2_28_x86_64.whl", hash = "sha256:1e38bac1853412871318e82a1ba69a8be677619b56025bbfcccdb41b6cafe82d", size = 1315963, upload-time = "2026-06-06T08:58:41.716Z" },
    { url = "https://files.pythonhosted.org/packages/d9/34/c9e80783d83eab739a9531fdee03675d53e0bf1b2ccb4bb3af5844675046/soundfile-0.14.0-py2.py3-none-win32.whl", hash = "sha256:0a6ae43c50c71b4e020cc55382925cb89451c1ed1a0c3d0f5d802da269226849", size = 902199, upload-time = "2026-06-06T08:58:43.289Z" },
    { url = "https://files.pythonhosted.org/packages/ed/97/b39c18ac1df45e755ca22b8b00e872929da5d107998a207a5e4ac831bfda/soundfile-0.14.0-py2.py3-none-win_amd64.whl", hash = "sha256:299491d3499460fb1b74bb4bd78b57ffc2d243a5fafa7b6ec1b264875c78453e", size = 1021480, upload-time = "2026-06-06T08:58:45.016Z" },
    { url = "https://files.pythonhosted.org/packages/f4/83/55c65e61cf457805ce2ec157c1c6ae17715d0851aa2374422de0538838ca/soundfile-0.14.0-py2.py3-none-win_arm64.whl", hash = "sha256:e090704718e124e7c844695236f1fce8d18a5e761eaf7c82dfcd124620805f98", size = 888858, upload-time = "2026-06-06T08:58:46.593Z" },
]

[[package]]
name = "typing-extensions"
version = "4.16.0"
source = { registry = "https://pypi.org/simple" }
sdist = { url = "https://files.pythonhosted.org/packages/f6/cc/6253133b5bb138fc3306cebfbda2c520f545d36b5be2c7255cc528bb45d6/typing_extensions-4.16.0.tar.gz", hash = "sha256:dc983d19a509c94dba722ee6abd33940f7c05a89e243c47e907eb4db6f1a43e5", size = 113555, upload-time = "2026-07-02T08:40:05.92Z" }
wheels = [
    { url = "https://files.pythonhosted.org/packages/49/d3/b8441a820a491ddfc024b0b0cf0393375b75ea13866d9c66727e54c2fc80/typing_extensions-4.16.0-py3-none-any.whl", hash = "sha256:481caa481374e813c1b176ada14e97f1f67a4539ce9cfeb3f350d78d6370c2e8", size = 45571, upload-time = "2026-07-02T08:40:04.659Z" },
]
